{
  "pins" : [
    {
      "identity" : "swift-http-types",
      "kind" : "remoteSourceControl",
      "location" : "https://github.com/apple/swift-http-types.git",
      "state" : {
        "revision" : "a0a57e949a8903563aba4615869310c0ebf14c03",
        "version" : "1.4.0"
      }
    },
    {
      "identity" : "swift-utilities",
      "kind" : "remoteSourceControl",
      "location" : "https://github.com/nicklu717/swift-utilities.git",
      "state" : {
        "revision" : "0a2f4c84e8ec36199418bd3e5967b473636526c4",
        "version" : "1.1.1"
      }
    }
  ],
  "version" : 2
}
